
Microsoft Visual Studio Solution File, Format Version 12.00
# Visual Studio Version 17
VisualStudioVersion = 17.14.36301.6
MinimumVisualStudioVersion = 10.0.40219.1
Project("{FAE04EC0-301F-11D3-BF4B-00C04F79EFBC}") = "LexCorp.ProductsApp.Api", "LexCorp.ProductsApp.Api\LexCorp.ProductsApp.Api.csproj", "{37863AF7-0B10-41A8-82CA-7DEAC835F857}"
EndProject
Project("{2150E333-8FDC-42A3-9474-1A3956D46DE8}") = "Modules", "Modules", "{02EA681E-C7D8-13C7-8484-4AC65E1B71E8}"
EndProject
Project("{2150E333-8FDC-42A3-9474-1A3956D46DE8}") = "LexCorp", "LexCorp", "{C4BF6980-0BDA-47DF-81E3-75CF7C8F7632}"
EndProject
Project("{2150E333-8FDC-42A3-9474-1A3956D46DE8}") = "Product", "Product", "{1F2AA42D-593E-4529-ACBC-5F5831792ADB}"
EndProject
Project("{2150E333-8FDC-42A3-9474-1A3956D46DE8}") = "Auth", "Auth", "{CA1C6B49-522F-4F52-BA26-7800CEE18838}"
EndProject
Project("{2150E333-8FDC-42A3-9474-1A3956D46DE8}") = "Tests", "Tests", "{616F2E1B-D253-449A-AD74-98970372711D}"
EndProject
Project("{FAE04EC0-301F-11D3-BF4B-00C04F79EFBC}") = "LexCorp.Auth.Actor", "..\LexCorp.ProductsApp\Modules\LexCorp\LexCorp.Auth.Actor\LexCorp.Auth.Actor.csproj", "{BF769837-ECD0-C78E-F003-2E53247A5E99}"
EndProject
Project("{FAE04EC0-301F-11D3-BF4B-00C04F79EFBC}") = "LexCorp.Auth.Actor.Abstractions", "..\LexCorp.ProductsApp\Modules\LexCorp\LexCorp.Auth.Actor.Abstractions\LexCorp.Auth.Actor.Abstractions.csproj", "{3F6425C7-3F9B-76B3-F71D-AC61B7C14BCC}"
EndProject
Project("{FAE04EC0-301F-11D3-BF4B-00C04F79EFBC}") = "LexCorp.Auth.Claims", "..\LexCorp.ProductsApp\Modules\LexCorp\LexCorp.Auth.Claims\LexCorp.Auth.Claims.csproj", "{D87A63D9-AFB9-93F0-B006-D94EA91D14BF}"
EndProject
Project("{FAE04EC0-301F-11D3-BF4B-00C04F79EFBC}") = "LexCorp.Auth.Claims.Abstractions", "..\LexCorp.ProductsApp\Modules\LexCorp\LexCorp.Auth.Claims.Abstractions\LexCorp.Auth.Claims.Abstractions.csproj", "{876447D1-73D8-76BD-8492-39946E9F5171}"
EndProject
Project("{FAE04EC0-301F-11D3-BF4B-00C04F79EFBC}") = "LexCorp.Auth.Jwt", "..\LexCorp.ProductsApp\Modules\LexCorp\LexCorp.Auth.Jwt\LexCorp.Auth.Jwt.csproj", "{F13A56DC-E534-D7CC-7A7F-737D7E06ADA8}"
EndProject
Project("{FAE04EC0-301F-11D3-BF4B-00C04F79EFBC}") = "LexCorp.Auth.Jwt.Abstractions", "..\LexCorp.ProductsApp\Modules\LexCorp\LexCorp.Auth.Jwt.Abstractions\LexCorp.Auth.Jwt.Abstractions.csproj", "{BB23C5C5-A51F-6465-ACD9-D59605EC3B93}"
EndProject
Project("{FAE04EC0-301F-11D3-BF4B-00C04F79EFBC}") = "LexCorp.Automapper.Abstractions", "..\LexCorp.ProductsApp\Modules\LexCorp\LexCorp.Automapper.Abstractions\LexCorp.Automapper.Abstractions.csproj", "{7C9CD435-8ED3-FF94-1FF2-AF75F4D36E1E}"
EndProject
Project("{FAE04EC0-301F-11D3-BF4B-00C04F79EFBC}") = "LexCorp.Data.Abstractions", "..\LexCorp.ProductsApp\Modules\LexCorp\LexCorp.Data.Abstractions\LexCorp.Data.Abstractions.csproj", "{57E75A6E-083D-CEFA-BF01-9FEFCE9FAC89}"
EndProject
Project("{FAE04EC0-301F-11D3-BF4B-00C04F79EFBC}") = "LexCorp.Jwt.Dto", "..\LexCorp.ProductsApp\Modules\LexCorp\LexCorp.Jwt.Dto\LexCorp.Jwt.Dto.csproj", "{728EBE57-C1B4-76EF-7FE2-02035F9589F9}"
EndProject
Project("{FAE04EC0-301F-11D3-BF4B-00C04F79EFBC}") = "LexCorp.Results.Dto", "..\LexCorp.ProductsApp\Modules\LexCorp\LexCorp.Results.Dto\LexCorp.Results.Dto.csproj", "{E9EE98F5-2052-DBE0-D73A-D96800ADB75C}"
EndProject
Project("{FAE04EC0-301F-11D3-BF4B-00C04F79EFBC}") = "LexCorp.Products.Data", "..\LexCorp.ProductsApp\LexCorp.Products.Data\LexCorp.Products.Data.csproj", "{26D04CD7-D43C-39E0-820A-FEF6111F2A34}"
EndProject
Global
	GlobalSection(SolutionConfigurationPlatforms) = preSolution
		Debug|Any CPU = Debug|Any CPU
		Release|Any CPU = Release|Any CPU
	EndGlobalSection
	GlobalSection(ProjectConfigurationPlatforms) = postSolution
		{37863AF7-0B10-41A8-82CA-7DEAC835F857}.Debug|Any CPU.ActiveCfg = Debug|Any CPU
		{37863AF7-0B10-41A8-82CA-7DEAC835F857}.Debug|Any CPU.Build.0 = Debug|Any CPU
		{37863AF7-0B10-41A8-82CA-7DEAC835F857}.Release|Any CPU.ActiveCfg = Release|Any CPU
		{37863AF7-0B10-41A8-82CA-7DEAC835F857}.Release|Any CPU.Build.0 = Release|Any CPU
		{BF769837-ECD0-C78E-F003-2E53247A5E99}.Debug|Any CPU.ActiveCfg = Debug|Any CPU
		{BF769837-ECD0-C78E-F003-2E53247A5E99}.Debug|Any CPU.Build.0 = Debug|Any CPU
		{BF769837-ECD0-C78E-F003-2E53247A5E99}.Release|Any CPU.ActiveCfg = Release|Any CPU
		{BF769837-ECD0-C78E-F003-2E53247A5E99}.Release|Any CPU.Build.0 = Release|Any CPU
		{3F6425C7-3F9B-76B3-F71D-AC61B7C14BCC}.Debug|Any CPU.ActiveCfg = Debug|Any CPU
		{3F6425C7-3F9B-76B3-F71D-AC61B7C14BCC}.Debug|Any CPU.Build.0 = Debug|Any CPU
		{3F6425C7-3F9B-76B3-F71D-AC61B7C14BCC}.Release|Any CPU.ActiveCfg = Release|Any CPU
		{3F6425C7-3F9B-76B3-F71D-AC61B7C14BCC}.Release|Any CPU.Build.0 = Release|Any CPU
		{D87A63D9-AFB9-93F0-B006-D94EA91D14BF}.Debug|Any CPU.ActiveCfg = Debug|Any CPU
		{D87A63D9-AFB9-93F0-B006-D94EA91D14BF}.Debug|Any CPU.Build.0 = Debug|Any CPU
		{D87A63D9-AFB9-93F0-B006-D94EA91D14BF}.Release|Any CPU.ActiveCfg = Release|Any CPU
		{D87A63D9-AFB9-93F0-B006-D94EA91D14BF}.Release|Any CPU.Build.0 = Release|Any CPU
		{876447D1-73D8-76BD-8492-39946E9F5171}.Debug|Any CPU.ActiveCfg = Debug|Any CPU
		{876447D1-73D8-76BD-8492-39946E9F5171}.Debug|Any CPU.Build.0 = Debug|Any CPU
		{876447D1-73D8-76BD-8492-39946E9F5171}.Release|Any CPU.ActiveCfg = Release|Any CPU
		{876447D1-73D8-76BD-8492-39946E9F5171}.Release|Any CPU.Build.0 = Release|Any CPU
		{F13A56DC-E534-D7CC-7A7F-737D7E06ADA8}.Debug|Any CPU.ActiveCfg = Debug|Any CPU
		{F13A56DC-E534-D7CC-7A7F-737D7E06ADA8}.Debug|Any CPU.Build.0 = Debug|Any CPU
		{F13A56DC-E534-D7CC-7A7F-737D7E06ADA8}.Release|Any CPU.ActiveCfg = Release|Any CPU
		{F13A56DC-E534-D7CC-7A7F-737D7E06ADA8}.Release|Any CPU.Build.0 = Release|Any CPU
		{BB23C5C5-A51F-6465-ACD9-D59605EC3B93}.Debug|Any CPU.ActiveCfg = Debug|Any CPU
		{BB23C5C5-A51F-6465-ACD9-D59605EC3B93}.Debug|Any CPU.Build.0 = Debug|Any CPU
		{BB23C5C5-A51F-6465-ACD9-D59605EC3B93}.Release|Any CPU.ActiveCfg = Release|Any CPU
		{BB23C5C5-A51F-6465-ACD9-D59605EC3B93}.Release|Any CPU.Build.0 = Release|Any CPU
		{7C9CD435-8ED3-FF94-1FF2-AF75F4D36E1E}.Debug|Any CPU.ActiveCfg = Debug|Any CPU
		{7C9CD435-8ED3-FF94-1FF2-AF75F4D36E1E}.Debug|Any CPU.Build.0 = Debug|Any CPU
		{7C9CD435-8ED3-FF94-1FF2-AF75F4D36E1E}.Release|Any CPU.ActiveCfg = Release|Any CPU
		{7C9CD435-8ED3-FF94-1FF2-AF75F4D36E1E}.Release|Any CPU.Build.0 = Release|Any CPU
		{57E75A6E-083D-CEFA-BF01-9FEFCE9FAC89}.Debug|Any CPU.ActiveCfg = Debug|Any CPU
		{57E75A6E-083D-CEFA-BF01-9FEFCE9FAC89}.Debug|Any CPU.Build.0 = Debug|Any CPU
		{57E75A6E-083D-CEFA-BF01-9FEFCE9FAC89}.Release|Any CPU.ActiveCfg = Release|Any CPU
		{57E75A6E-083D-CEFA-BF01-9FEFCE9FAC89}.Release|Any CPU.Build.0 = Release|Any CPU
		{728EBE57-C1B4-76EF-7FE2-02035F9589F9}.Debug|Any CPU.ActiveCfg = Debug|Any CPU
		{728EBE57-C1B4-76EF-7FE2-02035F9589F9}.Debug|Any CPU.Build.0 = Debug|Any CPU
		{728EBE57-C1B4-76EF-7FE2-02035F9589F9}.Release|Any CPU.ActiveCfg = Release|Any CPU
		{728EBE57-C1B4-76EF-7FE2-02035F9589F9}.Release|Any CPU.Build.0 = Release|Any CPU
		{E9EE98F5-2052-DBE0-D73A-D96800ADB75C}.Debug|Any CPU.ActiveCfg = Debug|Any CPU
		{E9EE98F5-2052-DBE0-D73A-D96800ADB75C}.Debug|Any CPU.Build.0 = Debug|Any CPU
		{E9EE98F5-2052-DBE0-D73A-D96800ADB75C}.Release|Any CPU.ActiveCfg = Release|Any CPU
		{E9EE98F5-2052-DBE0-D73A-D96800ADB75C}.Release|Any CPU.Build.0 = Release|Any CPU
		{26D04CD7-D43C-39E0-820A-FEF6111F2A34}.Debug|Any CPU.ActiveCfg = Debug|Any CPU
		{26D04CD7-D43C-39E0-820A-FEF6111F2A34}.Debug|Any CPU.Build.0 = Debug|Any CPU
		{26D04CD7-D43C-39E0-820A-FEF6111F2A34}.Release|Any CPU.ActiveCfg = Release|Any CPU
		{26D04CD7-D43C-39E0-820A-FEF6111F2A34}.Release|Any CPU.Build.0 = Release|Any CPU
	EndGlobalSection
	GlobalSection(SolutionProperties) = preSolution
		HideSolutionNode = FALSE
	EndGlobalSection
	GlobalSection(NestedProjects) = preSolution
		{C4BF6980-0BDA-47DF-81E3-75CF7C8F7632} = {02EA681E-C7D8-13C7-8484-4AC65E1B71E8}
		{1F2AA42D-593E-4529-ACBC-5F5831792ADB} = {02EA681E-C7D8-13C7-8484-4AC65E1B71E8}
		{CA1C6B49-522F-4F52-BA26-7800CEE18838} = {02EA681E-C7D8-13C7-8484-4AC65E1B71E8}
		{BF769837-ECD0-C78E-F003-2E53247A5E99} = {C4BF6980-0BDA-47DF-81E3-75CF7C8F7632}
		{3F6425C7-3F9B-76B3-F71D-AC61B7C14BCC} = {C4BF6980-0BDA-47DF-81E3-75CF7C8F7632}
		{D87A63D9-AFB9-93F0-B006-D94EA91D14BF} = {C4BF6980-0BDA-47DF-81E3-75CF7C8F7632}
		{876447D1-73D8-76BD-8492-39946E9F5171} = {C4BF6980-0BDA-47DF-81E3-75CF7C8F7632}
		{F13A56DC-E534-D7CC-7A7F-737D7E06ADA8} = {C4BF6980-0BDA-47DF-81E3-75CF7C8F7632}
		{BB23C5C5-A51F-6465-ACD9-D59605EC3B93} = {C4BF6980-0BDA-47DF-81E3-75CF7C8F7632}
		{7C9CD435-8ED3-FF94-1FF2-AF75F4D36E1E} = {C4BF6980-0BDA-47DF-81E3-75CF7C8F7632}
		{57E75A6E-083D-CEFA-BF01-9FEFCE9FAC89} = {C4BF6980-0BDA-47DF-81E3-75CF7C8F7632}
		{728EBE57-C1B4-76EF-7FE2-02035F9589F9} = {C4BF6980-0BDA-47DF-81E3-75CF7C8F7632}
		{E9EE98F5-2052-DBE0-D73A-D96800ADB75C} = {C4BF6980-0BDA-47DF-81E3-75CF7C8F7632}
	EndGlobalSection
	GlobalSection(ExtensibilityGlobals) = postSolution
		SolutionGuid = {408C0AD3-C654-492D-AAA1-596BE59AF897}
	EndGlobalSection
EndGlobal
