
Microsoft Visual Studio Solution File, Format Version 12.00
# Visual Studio Version 17
VisualStudioVersion = 17.14.36301.6
MinimumVisualStudioVersion = 10.0.40219.1
Project("{FAE04EC0-301F-11D3-BF4B-00C04F79EFBC}") = "LexCorp.ProductsApp.Api", "LexCorp.ProductsApp.Api\LexCorp.ProductsApp.Api.csproj", "{37863AF7-0B10-41A8-82CA-7DEAC835F857}"
EndProject
Project("{2150E333-8FDC-42A3-9474-1A3956D46DE8}") = "Modules", "Modules", "{02EA681E-C7D8-13C7-8484-4AC65E1B71E8}"
EndProject
Project("{2150E333-8FDC-42A3-9474-1A3956D46DE8}") = "LexCorp", "LexCorp", "{C4BF6980-0BDA-47DF-81E3-75CF7C8F7632}"
EndProject
Project("{2150E333-8FDC-42A3-9474-1A3956D46DE8}") = "Product", "Product", "{1F2AA42D-593E-4529-ACBC-5F5831792ADB}"
EndProject
Project("{2150E333-8FDC-42A3-9474-1A3956D46DE8}") = "Auth", "Auth", "{CA1C6B49-522F-4F52-BA26-7800CEE18838}"
EndProject
Project("{2150E333-8FDC-42A3-9474-1A3956D46DE8}") = "Tests", "Tests", "{616F2E1B-D253-449A-AD74-98970372711D}"
EndProject
Project("{FAE04EC0-301F-11D3-BF4B-00C04F79EFBC}") = "LexCorp.Products.Auth.App", "Modules\Auth\LexCorp.Products.Auth.App\LexCorp.Products.Auth.App.csproj", "{2D340A27-7B82-7A64-0985-0F101876ABD6}"
EndProject
Project("{FAE04EC0-301F-11D3-BF4B-00C04F79EFBC}") = "LexCorp.Products.Auth.App.Abstractions", "Modules\Auth\LexCorp.Products.Auth.App.Abstractions\LexCorp.Products.Auth.App.Abstractions.csproj", "{279F9A01-F01D-8E30-9EBA-992E98E1C6C4}"
EndProject
Project("{FAE04EC0-301F-11D3-BF4B-00C04F79EFBC}") = "LexCorp.Products.Auth.Dto", "Modules\Auth\LexCorp.Products.Auth.Dto\LexCorp.Products.Auth.Dto.csproj", "{4E137E97-B9AC-3E52-097C-4AC131654B14}"
EndProject
Project("{FAE04EC0-301F-11D3-BF4B-00C04F79EFBC}") = "LexCorp.Auth.Actor", "Modules\LexCorp\LexCorp.Auth.Actor\LexCorp.Auth.Actor.csproj", "{980A306F-39D9-8F8D-64DF-526BB4B9768B}"
EndProject
Project("{FAE04EC0-301F-11D3-BF4B-00C04F79EFBC}") = "LexCorp.Auth.Actor.Abstractions", "Modules\LexCorp\LexCorp.Auth.Actor.Abstractions\LexCorp.Auth.Actor.Abstractions.csproj", "{E025304E-078D-FABB-A706-286DF9315FED}"
EndProject
Project("{FAE04EC0-301F-11D3-BF4B-00C04F79EFBC}") = "LexCorp.Auth.Claims", "Modules\LexCorp\LexCorp.Auth.Claims\LexCorp.Auth.Claims.csproj", "{89942A51-DA65-9CE3-83F0-A6FE19C605DC}"
EndProject
Project("{FAE04EC0-301F-11D3-BF4B-00C04F79EFBC}") = "LexCorp.Auth.Claims.Abstractions", "Modules\LexCorp\LexCorp.Auth.Claims.Abstractions\LexCorp.Auth.Claims.Abstractions.csproj", "{2E47B411-A995-2731-6C0C-4B5B0F5D706C}"
EndProject
Project("{FAE04EC0-301F-11D3-BF4B-00C04F79EFBC}") = "LexCorp.Auth.Jwt", "Modules\LexCorp\LexCorp.Auth.Jwt\LexCorp.Auth.Jwt.csproj", "{23C16941-B29F-F1BB-6AB6-87FCD3BEAF9A}"
EndProject
Project("{FAE04EC0-301F-11D3-BF4B-00C04F79EFBC}") = "LexCorp.Auth.Jwt.Abstractions", "Modules\LexCorp\LexCorp.Auth.Jwt.Abstractions\LexCorp.Auth.Jwt.Abstractions.csproj", "{3CB35FEE-10EF-EFDD-B085-9D48709685A2}"
EndProject
Project("{FAE04EC0-301F-11D3-BF4B-00C04F79EFBC}") = "LexCorp.Automapper.Abstractions", "Modules\LexCorp\LexCorp.Automapper.Abstractions\LexCorp.Automapper.Abstractions.csproj", "{4F5BFD6E-CDE4-78D7-1026-EC083F0D6360}"
EndProject
Project("{FAE04EC0-301F-11D3-BF4B-00C04F79EFBC}") = "LexCorp.Data.Abstractions", "Modules\LexCorp\LexCorp.Data.Abstractions\LexCorp.Data.Abstractions.csproj", "{247FCC1C-28E7-03C0-1F6E-819A8D38EB72}"
EndProject
Project("{FAE04EC0-301F-11D3-BF4B-00C04F79EFBC}") = "LexCorp.Jwt.Dto", "Modules\LexCorp\LexCorp.Jwt.Dto\LexCorp.Jwt.Dto.csproj", "{AEE33022-6724-6A92-2EFF-A6A6646C2327}"
EndProject
Project("{FAE04EC0-301F-11D3-BF4B-00C04F79EFBC}") = "LexCorp.LazyLoading.Dto", "Modules\LexCorp\LexCorp.LazyLoading.Dto\LexCorp.LazyLoading.Dto.csproj", "{D400399B-0AF4-5315-15AE-1EB2D7A621C4}"
EndProject
Project("{FAE04EC0-301F-11D3-BF4B-00C04F79EFBC}") = "LexCorp.LazyLoading.Filter", "Modules\LexCorp\LexCorp.LazyLoading.Filter\LexCorp.LazyLoading.Filter.csproj", "{ED13B136-34B7-C5B9-4A12-433E5A1942B7}"
EndProject
Project("{FAE04EC0-301F-11D3-BF4B-00C04F79EFBC}") = "LexCorp.LazyLoading.Filter.Abstractions", "Modules\LexCorp\LexCorp.LazyLoading.Filter.Abstractions\LexCorp.LazyLoading.Filter.Abstractions.csproj", "{A428284B-0D26-5326-754F-E4E5E576ABE2}"
EndProject
Project("{FAE04EC0-301F-11D3-BF4B-00C04F79EFBC}") = "LexCorp.Results.Dto", "Modules\LexCorp\LexCorp.Results.Dto\LexCorp.Results.Dto.csproj", "{72774340-610D-2A75-2BDE-B76BD0BE420B}"
EndProject
Project("{FAE04EC0-301F-11D3-BF4B-00C04F79EFBC}") = "LexCorp.Product.App", "Modules\Product\LexCorp.Product.App\LexCorp.Product.App.csproj", "{5E717AE7-5859-8D15-14AF-63D69AFE06A1}"
EndProject
Project("{FAE04EC0-301F-11D3-BF4B-00C04F79EFBC}") = "LexCorp.Product.App.Abstractions", "Modules\Product\LexCorp.Product.App.Abstractions\LexCorp.Product.App.Abstractions.csproj", "{52FD3480-D949-CE0F-742F-3C8D62EA189C}"
EndProject
Project("{FAE04EC0-301F-11D3-BF4B-00C04F79EFBC}") = "LexCorp.Product.Data", "Modules\Product\LexCorp.Product.Data\LexCorp.Product.Data.csproj", "{15DF17AF-480B-9F79-7CB0-B3F5AA9E7AB7}"
EndProject
Project("{FAE04EC0-301F-11D3-BF4B-00C04F79EFBC}") = "LexCorp.Product.Data.Abstractions", "Modules\Product\LexCorp.Product.Data.Abstractions\LexCorp.Product.Data.Abstractions.csproj", "{8D423961-D809-3EC6-14CE-AFE1DCC08FF0}"
EndProject
Project("{FAE04EC0-301F-11D3-BF4B-00C04F79EFBC}") = "LexCorp.Product.Dto", "Modules\Product\LexCorp.Product.Dto\LexCorp.Product.Dto.csproj", "{3F1EA9B4-8591-E6F7-E35D-AADBE4A652BF}"
EndProject
Project("{FAE04EC0-301F-11D3-BF4B-00C04F79EFBC}") = "LexCorp.ProductsApp.Tests", "LexCorp.ProductsApp.Tests\LexCorp.ProductsApp.Tests.csproj", "{4CE45222-D231-6A8D-AE23-A4D8838C9B7F}"
EndProject
Project("{FAE04EC0-301F-11D3-BF4B-00C04F79EFBC}") = "LexCorp.Products.Data", "LexCorp.Products.Data\LexCorp.Products.Data.csproj", "{81776303-BDB2-A9C1-5306-652B5244FA04}"
EndProject
Project("{FAE04EC0-301F-11D3-BF4B-00C04F79EFBC}") = "LexCorp.Products.Data.Seeder", "LexCorp.Products.Data.Seeder\LexCorp.Products.Data.Seeder.csproj", "{DFC0BEB1-A391-3535-6421-A71DFEDE7FC8}"
EndProject
Global
	GlobalSection(SolutionConfigurationPlatforms) = preSolution
		Debug|Any CPU = Debug|Any CPU
		Release|Any CPU = Release|Any CPU
	EndGlobalSection
	GlobalSection(ProjectConfigurationPlatforms) = postSolution
		{37863AF7-0B10-41A8-82CA-7DEAC835F857}.Debug|Any CPU.ActiveCfg = Debug|Any CPU
		{37863AF7-0B10-41A8-82CA-7DEAC835F857}.Debug|Any CPU.Build.0 = Debug|Any CPU
		{37863AF7-0B10-41A8-82CA-7DEAC835F857}.Release|Any CPU.ActiveCfg = Release|Any CPU
		{37863AF7-0B10-41A8-82CA-7DEAC835F857}.Release|Any CPU.Build.0 = Release|Any CPU
		{2D340A27-7B82-7A64-0985-0F101876ABD6}.Debug|Any CPU.ActiveCfg = Debug|Any CPU
		{2D340A27-7B82-7A64-0985-0F101876ABD6}.Debug|Any CPU.Build.0 = Debug|Any CPU
		{2D340A27-7B82-7A64-0985-0F101876ABD6}.Release|Any CPU.ActiveCfg = Release|Any CPU
		{2D340A27-7B82-7A64-0985-0F101876ABD6}.Release|Any CPU.Build.0 = Release|Any CPU
		{279F9A01-F01D-8E30-9EBA-992E98E1C6C4}.Debug|Any CPU.ActiveCfg = Debug|Any CPU
		{279F9A01-F01D-8E30-9EBA-992E98E1C6C4}.Debug|Any CPU.Build.0 = Debug|Any CPU
		{279F9A01-F01D-8E30-9EBA-992E98E1C6C4}.Release|Any CPU.ActiveCfg = Release|Any CPU
		{279F9A01-F01D-8E30-9EBA-992E98E1C6C4}.Release|Any CPU.Build.0 = Release|Any CPU
		{4E137E97-B9AC-3E52-097C-4AC131654B14}.Debug|Any CPU.ActiveCfg = Debug|Any CPU
		{4E137E97-B9AC-3E52-097C-4AC131654B14}.Debug|Any CPU.Build.0 = Debug|Any CPU
		{4E137E97-B9AC-3E52-097C-4AC131654B14}.Release|Any CPU.ActiveCfg = Release|Any CPU
		{4E137E97-B9AC-3E52-097C-4AC131654B14}.Release|Any CPU.Build.0 = Release|Any CPU
		{980A306F-39D9-8F8D-64DF-526BB4B9768B}.Debug|Any CPU.ActiveCfg = Debug|Any CPU
		{980A306F-39D9-8F8D-64DF-526BB4B9768B}.Debug|Any CPU.Build.0 = Debug|Any CPU
		{980A306F-39D9-8F8D-64DF-526BB4B9768B}.Release|Any CPU.ActiveCfg = Release|Any CPU
		{980A306F-39D9-8F8D-64DF-526BB4B9768B}.Release|Any CPU.Build.0 = Release|Any CPU
		{E025304E-078D-FABB-A706-286DF9315FED}.Debug|Any CPU.ActiveCfg = Debug|Any CPU
		{E025304E-078D-FABB-A706-286DF9315FED}.Debug|Any CPU.Build.0 = Debug|Any CPU
		{E025304E-078D-FABB-A706-286DF9315FED}.Release|Any CPU.ActiveCfg = Release|Any CPU
		{E025304E-078D-FABB-A706-286DF9315FED}.Release|Any CPU.Build.0 = Release|Any CPU
		{89942A51-DA65-9CE3-83F0-A6FE19C605DC}.Debug|Any CPU.ActiveCfg = Debug|Any CPU
		{89942A51-DA65-9CE3-83F0-A6FE19C605DC}.Debug|Any CPU.Build.0 = Debug|Any CPU
		{89942A51-DA65-9CE3-83F0-A6FE19C605DC}.Release|Any CPU.ActiveCfg = Release|Any CPU
		{89942A51-DA65-9CE3-83F0-A6FE19C605DC}.Release|Any CPU.Build.0 = Release|Any CPU
		{2E47B411-A995-2731-6C0C-4B5B0F5D706C}.Debug|Any CPU.ActiveCfg = Debug|Any CPU
		{2E47B411-A995-2731-6C0C-4B5B0F5D706C}.Debug|Any CPU.Build.0 = Debug|Any CPU
		{2E47B411-A995-2731-6C0C-4B5B0F5D706C}.Release|Any CPU.ActiveCfg = Release|Any CPU
		{2E47B411-A995-2731-6C0C-4B5B0F5D706C}.Release|Any CPU.Build.0 = Release|Any CPU
		{23C16941-B29F-F1BB-6AB6-87FCD3BEAF9A}.Debug|Any CPU.ActiveCfg = Debug|Any CPU
		{23C16941-B29F-F1BB-6AB6-87FCD3BEAF9A}.Debug|Any CPU.Build.0 = Debug|Any CPU
		{23C16941-B29F-F1BB-6AB6-87FCD3BEAF9A}.Release|Any CPU.ActiveCfg = Release|Any CPU
		{23C16941-B29F-F1BB-6AB6-87FCD3BEAF9A}.Release|Any CPU.Build.0 = Release|Any CPU
		{3CB35FEE-10EF-EFDD-B085-9D48709685A2}.Debug|Any CPU.ActiveCfg = Debug|Any CPU
		{3CB35FEE-10EF-EFDD-B085-9D48709685A2}.Debug|Any CPU.Build.0 = Debug|Any CPU
		{3CB35FEE-10EF-EFDD-B085-9D48709685A2}.Release|Any CPU.ActiveCfg = Release|Any CPU
		{3CB35FEE-10EF-EFDD-B085-9D48709685A2}.Release|Any CPU.Build.0 = Release|Any CPU
		{4F5BFD6E-CDE4-78D7-1026-EC083F0D6360}.Debug|Any CPU.ActiveCfg = Debug|Any CPU
		{4F5BFD6E-CDE4-78D7-1026-EC083F0D6360}.Debug|Any CPU.Build.0 = Debug|Any CPU
		{4F5BFD6E-CDE4-78D7-1026-EC083F0D6360}.Release|Any CPU.ActiveCfg = Release|Any CPU
		{4F5BFD6E-CDE4-78D7-1026-EC083F0D6360}.Release|Any CPU.Build.0 = Release|Any CPU
		{247FCC1C-28E7-03C0-1F6E-819A8D38EB72}.Debug|Any CPU.ActiveCfg = Debug|Any CPU
		{247FCC1C-28E7-03C0-1F6E-819A8D38EB72}.Debug|Any CPU.Build.0 = Debug|Any CPU
		{247FCC1C-28E7-03C0-1F6E-819A8D38EB72}.Release|Any CPU.ActiveCfg = Release|Any CPU
		{247FCC1C-28E7-03C0-1F6E-819A8D38EB72}.Release|Any CPU.Build.0 = Release|Any CPU
		{AEE33022-6724-6A92-2EFF-A6A6646C2327}.Debug|Any CPU.ActiveCfg = Debug|Any CPU
		{AEE33022-6724-6A92-2EFF-A6A6646C2327}.Debug|Any CPU.Build.0 = Debug|Any CPU
		{AEE33022-6724-6A92-2EFF-A6A6646C2327}.Release|Any CPU.ActiveCfg = Release|Any CPU
		{AEE33022-6724-6A92-2EFF-A6A6646C2327}.Release|Any CPU.Build.0 = Release|Any CPU
		{D400399B-0AF4-5315-15AE-1EB2D7A621C4}.Debug|Any CPU.ActiveCfg = Debug|Any CPU
		{D400399B-0AF4-5315-15AE-1EB2D7A621C4}.Debug|Any CPU.Build.0 = Debug|Any CPU
		{D400399B-0AF4-5315-15AE-1EB2D7A621C4}.Release|Any CPU.ActiveCfg = Release|Any CPU
		{D400399B-0AF4-5315-15AE-1EB2D7A621C4}.Release|Any CPU.Build.0 = Release|Any CPU
		{ED13B136-34B7-C5B9-4A12-433E5A1942B7}.Debug|Any CPU.ActiveCfg = Debug|Any CPU
		{ED13B136-34B7-C5B9-4A12-433E5A1942B7}.Debug|Any CPU.Build.0 = Debug|Any CPU
		{ED13B136-34B7-C5B9-4A12-433E5A1942B7}.Release|Any CPU.ActiveCfg = Release|Any CPU
		{ED13B136-34B7-C5B9-4A12-433E5A1942B7}.Release|Any CPU.Build.0 = Release|Any CPU
		{A428284B-0D26-5326-754F-E4E5E576ABE2}.Debug|Any CPU.ActiveCfg = Debug|Any CPU
		{A428284B-0D26-5326-754F-E4E5E576ABE2}.Debug|Any CPU.Build.0 = Debug|Any CPU
		{A428284B-0D26-5326-754F-E4E5E576ABE2}.Release|Any CPU.ActiveCfg = Release|Any CPU
		{A428284B-0D26-5326-754F-E4E5E576ABE2}.Release|Any CPU.Build.0 = Release|Any CPU
		{72774340-610D-2A75-2BDE-B76BD0BE420B}.Debug|Any CPU.ActiveCfg = Debug|Any CPU
		{72774340-610D-2A75-2BDE-B76BD0BE420B}.Debug|Any CPU.Build.0 = Debug|Any CPU
		{72774340-610D-2A75-2BDE-B76BD0BE420B}.Release|Any CPU.ActiveCfg = Release|Any CPU
		{72774340-610D-2A75-2BDE-B76BD0BE420B}.Release|Any CPU.Build.0 = Release|Any CPU
		{5E717AE7-5859-8D15-14AF-63D69AFE06A1}.Debug|Any CPU.ActiveCfg = Debug|Any CPU
		{5E717AE7-5859-8D15-14AF-63D69AFE06A1}.Debug|Any CPU.Build.0 = Debug|Any CPU
		{5E717AE7-5859-8D15-14AF-63D69AFE06A1}.Release|Any CPU.ActiveCfg = Release|Any CPU
		{5E717AE7-5859-8D15-14AF-63D69AFE06A1}.Release|Any CPU.Build.0 = Release|Any CPU
		{52FD3480-D949-CE0F-742F-3C8D62EA189C}.Debug|Any CPU.ActiveCfg = Debug|Any CPU
		{52FD3480-D949-CE0F-742F-3C8D62EA189C}.Debug|Any CPU.Build.0 = Debug|Any CPU
		{52FD3480-D949-CE0F-742F-3C8D62EA189C}.Release|Any CPU.ActiveCfg = Release|Any CPU
		{52FD3480-D949-CE0F-742F-3C8D62EA189C}.Release|Any CPU.Build.0 = Release|Any CPU
		{15DF17AF-480B-9F79-7CB0-B3F5AA9E7AB7}.Debug|Any CPU.ActiveCfg = Debug|Any CPU
		{15DF17AF-480B-9F79-7CB0-B3F5AA9E7AB7}.Debug|Any CPU.Build.0 = Debug|Any CPU
		{15DF17AF-480B-9F79-7CB0-B3F5AA9E7AB7}.Release|Any CPU.ActiveCfg = Release|Any CPU
		{15DF17AF-480B-9F79-7CB0-B3F5AA9E7AB7}.Release|Any CPU.Build.0 = Release|Any CPU
		{8D423961-D809-3EC6-14CE-AFE1DCC08FF0}.Debug|Any CPU.ActiveCfg = Debug|Any CPU
		{8D423961-D809-3EC6-14CE-AFE1DCC08FF0}.Debug|Any CPU.Build.0 = Debug|Any CPU
		{8D423961-D809-3EC6-14CE-AFE1DCC08FF0}.Release|Any CPU.ActiveCfg = Release|Any CPU
		{8D423961-D809-3EC6-14CE-AFE1DCC08FF0}.Release|Any CPU.Build.0 = Release|Any CPU
		{3F1EA9B4-8591-E6F7-E35D-AADBE4A652BF}.Debug|Any CPU.ActiveCfg = Debug|Any CPU
		{3F1EA9B4-8591-E6F7-E35D-AADBE4A652BF}.Debug|Any CPU.Build.0 = Debug|Any CPU
		{3F1EA9B4-8591-E6F7-E35D-AADBE4A652BF}.Release|Any CPU.ActiveCfg = Release|Any CPU
		{3F1EA9B4-8591-E6F7-E35D-AADBE4A652BF}.Release|Any CPU.Build.0 = Release|Any CPU
		{4CE45222-D231-6A8D-AE23-A4D8838C9B7F}.Debug|Any CPU.ActiveCfg = Debug|Any CPU
		{4CE45222-D231-6A8D-AE23-A4D8838C9B7F}.Debug|Any CPU.Build.0 = Debug|Any CPU
		{4CE45222-D231-6A8D-AE23-A4D8838C9B7F}.Release|Any CPU.ActiveCfg = Release|Any CPU
		{4CE45222-D231-6A8D-AE23-A4D8838C9B7F}.Release|Any CPU.Build.0 = Release|Any CPU
		{81776303-BDB2-A9C1-5306-652B5244FA04}.Debug|Any CPU.ActiveCfg = Debug|Any CPU
		{81776303-BDB2-A9C1-5306-652B5244FA04}.Debug|Any CPU.Build.0 = Debug|Any CPU
		{81776303-BDB2-A9C1-5306-652B5244FA04}.Release|Any CPU.ActiveCfg = Release|Any CPU
		{81776303-BDB2-A9C1-5306-652B5244FA04}.Release|Any CPU.Build.0 = Release|Any CPU
		{DFC0BEB1-A391-3535-6421-A71DFEDE7FC8}.Debug|Any CPU.ActiveCfg = Debug|Any CPU
		{DFC0BEB1-A391-3535-6421-A71DFEDE7FC8}.Debug|Any CPU.Build.0 = Debug|Any CPU
		{DFC0BEB1-A391-3535-6421-A71DFEDE7FC8}.Release|Any CPU.ActiveCfg = Release|Any CPU
		{DFC0BEB1-A391-3535-6421-A71DFEDE7FC8}.Release|Any CPU.Build.0 = Release|Any CPU
	EndGlobalSection
	GlobalSection(SolutionProperties) = preSolution
		HideSolutionNode = FALSE
	EndGlobalSection
	GlobalSection(NestedProjects) = preSolution
		{C4BF6980-0BDA-47DF-81E3-75CF7C8F7632} = {02EA681E-C7D8-13C7-8484-4AC65E1B71E8}
		{1F2AA42D-593E-4529-ACBC-5F5831792ADB} = {02EA681E-C7D8-13C7-8484-4AC65E1B71E8}
		{CA1C6B49-522F-4F52-BA26-7800CEE18838} = {02EA681E-C7D8-13C7-8484-4AC65E1B71E8}
		{2D340A27-7B82-7A64-0985-0F101876ABD6} = {CA1C6B49-522F-4F52-BA26-7800CEE18838}
		{279F9A01-F01D-8E30-9EBA-992E98E1C6C4} = {CA1C6B49-522F-4F52-BA26-7800CEE18838}
		{4E137E97-B9AC-3E52-097C-4AC131654B14} = {CA1C6B49-522F-4F52-BA26-7800CEE18838}
		{980A306F-39D9-8F8D-64DF-526BB4B9768B} = {C4BF6980-0BDA-47DF-81E3-75CF7C8F7632}
		{E025304E-078D-FABB-A706-286DF9315FED} = {C4BF6980-0BDA-47DF-81E3-75CF7C8F7632}
		{89942A51-DA65-9CE3-83F0-A6FE19C605DC} = {C4BF6980-0BDA-47DF-81E3-75CF7C8F7632}
		{2E47B411-A995-2731-6C0C-4B5B0F5D706C} = {C4BF6980-0BDA-47DF-81E3-75CF7C8F7632}
		{23C16941-B29F-F1BB-6AB6-87FCD3BEAF9A} = {C4BF6980-0BDA-47DF-81E3-75CF7C8F7632}
		{3CB35FEE-10EF-EFDD-B085-9D48709685A2} = {C4BF6980-0BDA-47DF-81E3-75CF7C8F7632}
		{4F5BFD6E-CDE4-78D7-1026-EC083F0D6360} = {C4BF6980-0BDA-47DF-81E3-75CF7C8F7632}
		{247FCC1C-28E7-03C0-1F6E-819A8D38EB72} = {C4BF6980-0BDA-47DF-81E3-75CF7C8F7632}
		{AEE33022-6724-6A92-2EFF-A6A6646C2327} = {C4BF6980-0BDA-47DF-81E3-75CF7C8F7632}
		{D400399B-0AF4-5315-15AE-1EB2D7A621C4} = {C4BF6980-0BDA-47DF-81E3-75CF7C8F7632}
		{ED13B136-34B7-C5B9-4A12-433E5A1942B7} = {C4BF6980-0BDA-47DF-81E3-75CF7C8F7632}
		{A428284B-0D26-5326-754F-E4E5E576ABE2} = {C4BF6980-0BDA-47DF-81E3-75CF7C8F7632}
		{72774340-610D-2A75-2BDE-B76BD0BE420B} = {C4BF6980-0BDA-47DF-81E3-75CF7C8F7632}
		{5E717AE7-5859-8D15-14AF-63D69AFE06A1} = {1F2AA42D-593E-4529-ACBC-5F5831792ADB}
		{52FD3480-D949-CE0F-742F-3C8D62EA189C} = {1F2AA42D-593E-4529-ACBC-5F5831792ADB}
		{15DF17AF-480B-9F79-7CB0-B3F5AA9E7AB7} = {1F2AA42D-593E-4529-ACBC-5F5831792ADB}
		{8D423961-D809-3EC6-14CE-AFE1DCC08FF0} = {1F2AA42D-593E-4529-ACBC-5F5831792ADB}
		{3F1EA9B4-8591-E6F7-E35D-AADBE4A652BF} = {1F2AA42D-593E-4529-ACBC-5F5831792ADB}
		{4CE45222-D231-6A8D-AE23-A4D8838C9B7F} = {616F2E1B-D253-449A-AD74-98970372711D}
	EndGlobalSection
	GlobalSection(ExtensibilityGlobals) = postSolution
		SolutionGuid = {408C0AD3-C654-492D-AAA1-596BE59AF897}
	EndGlobalSection
EndGlobal
